// !$*UTF8*$!
{
	archiveVersion = 1;
	classes = {
	};
	objectVersion = 46;
	objects = {

/* Begin PBXBuildFile section */
		64EB16BD1BBF7BEB00975983 /* main.m in Sources */ = {isa = PBXBuildFile; fileRef = 64EB16BC1BBF7BEB00975983 /* main.m */; };
		64EB16C01BBF7BEB00975983 /* AppDelegate.m in Sources */ = {isa = PBXBuildFile; fileRef = 64EB16BF1BBF7BEB00975983 /* AppDelegate.m */; };
		64EB16C31BBF7BEB00975983 /* ViewController.m in Sources */ = {isa = PBXBuildFile; fileRef = 64EB16C21BBF7BEB00975983 /* ViewController.m */; };
		64EB16C61BBF7BEB00975983 /* Main.storyboard in Resources */ = {isa = PBXBuildFile; fileRef = 64EB16C41BBF7BEB00975983 /* Main.storyboard */; };
		64EB16C81BBF7BEB00975983 /* Assets.xcassets in Resources */ = {isa = PBXBuildFile; fileRef = 64EB16C71BBF7BEB00975983 /* Assets.xcassets */; };
		64EB16CB1BBF7BEB00975983 /* LaunchScreen.storyboard in Resources */ = {isa = PBXBuildFile; fileRef = 64EB16C91BBF7BEB00975983 /* LaunchScreen.storyboard */; };
		64EB16D61BBF7BEC00975983 /* Veronica_s_HelperTests.m in Sources */ = {isa = PBXBuildFile; fileRef = 64EB16D51BBF7BEC00975983 /* Veronica_s_HelperTests.m */; };
		64EB16E11BBF7BEC00975983 /* Veronica_s_HelperUITests.m in Sources */ = {isa = PBXBuildFile; fileRef = 64EB16E01BBF7BEC00975983 /* Veronica_s_HelperUITests.m */; };
/* End PBXBuildFile section */

/* Begin PBXContainerItemProxy section */
		64EB16D21BBF7BEC00975983 /* PBXContainerItemProxy */ = {
			isa = PBXContainerItemProxy;
			containerPortal = 64EB16B01BBF7BEB00975983 /* Project object */;
			proxyType = 1;
			remoteGlobalIDString = 64EB16B71BBF7BEB00975983;
			remoteInfo = "Veronica's Helper";
		};
		64EB16DD1BBF7BEC00975983 /* PBXContainerItemProxy */ = {
			isa = PBXContainerItemProxy;
			containerPortal = 64EB16B01BBF7BEB00975983 /* Project object */;
			proxyType = 1;
			remoteGlobalIDString = 64EB16B71BBF7BEB00975983;
			remoteInfo = "Veronica's Helper";
		};
/* End PBXContainerItemProxy section */

/* Begin PBXFileReference section */
		64EB16B81BBF7BEB00975983 /* Veronica's Helper.app */ = {isa = PBXFileReference; explicitFileType = wrapper.application; includeInIndex = 0; path = "Veronica's Helper.app"; sourceTree = BUILT_PRODUCTS_DIR; };
		64EB16BC1BBF7BEB00975983 /* main.m */ = {isa = PBXFileReference; lastKnownFileType = sourcecode.c.objc; path = main.m; sourceTree = "<group>"; };
		64EB16BE1BBF7BEB00975983 /* AppDelegate.h */ = {isa = PBXFileReference; lastKnownFileType = sourcecode.c.h; path = AppDelegate.h; sourceTree = "<group>"; };
		64EB16BF1BBF7BEB00975983 /* AppDelegate.m */ = {isa = PBXFileReference; lastKnownFileType = sourcecode.c.objc; path = AppDelegate.m; sourceTree = "<group>"; };
		64EB16C11BBF7BEB00975983 /* ViewController.h */ = {isa = PBXFileReference; lastKnownFileType = sourcecode.c.h; path = ViewController.h; sourceTree = "<group>"; };
		64EB16C21BBF7BEB00975983 /* ViewController.m */ = {isa = PBXFileReference; lastKnownFileType = sourcecode.c.objc; path = ViewController.m; sourceTree = "<group>"; };
		64EB16C51BBF7BEB00975983 /* Base */ = {isa = PBXFileReference; lastKnownFileType = file.storyboard; name = Base; path = Base.lproj/Main.storyboard; sourceTree = "<group>"; };
		64EB16C71BBF7BEB00975983 /* Assets.xcassets */ = {isa = PBXFileReference; lastKnownFileType = folder.assetcatalog; path = Assets.xcassets; sourceTree = "<group>"; };
		64EB16CA1BBF7BEB00975983 /* Base */ = {isa = PBXFileReference; lastKnownFileType = file.storyboard; name = Base; path = Base.lproj/LaunchScreen.storyboard; sourceTree = "<group>"; };
		64EB16CC1BBF7BEB00975983 /* Info.plist */ = {isa = PBXFileReference; lastKnownFileType = text.plist.xml; path = Info.plist; sourceTree = "<group>"; };
		64EB16D11BBF7BEC00975983 /* Veronica's HelperTests.xctest */ = {isa = PBXFileReference; explicitFileType = wrapper.cfbundle; includeInIndex = 0; path = "Veronica's HelperTests.xctest"; sourceTree = BUILT_PRODUCTS_DIR; };
		64EB16D51BBF7BEC00975983 /* Veronica_s_HelperTests.m */ = {isa = PBXFileReference; lastKnownFileType = sourcecode.c.objc; path = Veronica_s_HelperTests.m; sourceTree = "<group>"; };
		64EB16D71BBF7BEC00975983 /* Info.plist */ = {isa = PBXFileReference; lastKnownFileType = text.plist.xml; path = Info.plist; sourceTree = "<group>"; };
		64EB16DC1BBF7BEC00975983 /* Veronica's HelperUITests.xctest */ = {isa = PBXFileReference; explicitFileType = wrapper.cfbundle; includeInIndex = 0; path = "Veronica's HelperUITests.xctest"; sourceTree = BUILT_PRODUCTS_DIR; };
		64EB16E01BBF7BEC00975983 /* Veronica_s_HelperUITests.m */ = {isa = PBXFileReference; lastKnownFileType = sourcecode.c.objc; path = Veronica_s_HelperUITests.m; sourceTree = "<group>"; };
		64EB16E21BBF7BEC00975983 /* Info.plist */ = {isa = PBXFileReference; lastKnownFileType = text.plist.xml; path = Info.plist; sourceTree = "<group>"; };
/* End PBXFileReference section */

/* Begin PBXFrameworksBuildPhase section */
		64EB16B51BBF7BEB00975983 /* Frameworks */ = {
			isa = PBXFrameworksBuildPhase;
			buildActionMask = 2147483647;
			files = (
			);
			runOnlyForDeploymentPostprocessing = 0;
		};
		64EB16CE1BBF7BEC00975983 /* Frameworks */ = {
			isa = PBXFrameworksBuildPhase;
			buildActionMask = 2147483647;
			files = (
			);
			runOnlyForDeploymentPostprocessing = 0;
		};
		64EB16D91BBF7BEC00975983 /* Frameworks */ = {
			isa = PBXFrameworksBuildPhase;
			buildActionMask = 2147483647;
			files = (
			);
			runOnlyForDeploymentPostprocessing = 0;
		};
/* End PBXFrameworksBuildPhase section */

/* Begin PBXGroup section */
		64EB16AF1BBF7BEB00975983 = {
			isa = PBXGroup;
			children = (
				64EB16BA1BBF7BEB00975983 /* Veronica's Helper */,
				64EB16D41BBF7BEC00975983 /* Veronica's HelperTests */,
				64EB16DF1BBF7BEC00975983 /* Veronica's HelperUITests */,
				64EB16B91BBF7BEB00975983 /* Products */,
			);
			sourceTree = "<group>";
		};
		64EB16B91BBF7BEB00975983 /* Products */ = {
			isa = PBXGroup;
			children = (
				64EB16B81BBF7BEB00975983 /* Veronica's Helper.app */,
				64EB16D11BBF7BEC00975983 /* Veronica's HelperTests.xctest */,
				64EB16DC1BBF7BEC00975983 /* Veronica's HelperUITests.xctest */,
			);
			name = Products;
			sourceTree = "<group>";
		};
		64EB16BA1BBF7BEB00975983 /* Veronica's Helper */ = {
			isa = PBXGroup;
			children = (
				64EB16BE1BBF7BEB00975983 /* AppDelegate.h */,
				64EB16BF1BBF7BEB00975983 /* AppDelegate.m */,
				64EB16C11BBF7BEB00975983 /* ViewController.h */,
				64EB16C21BBF7BEB00975983 /* ViewController.m */,
				64EB16C41BBF7BEB00975983 /* Main.storyboard */,
				64EB16C71BBF7BEB00975983 /* Assets.xcassets */,
				64EB16C91BBF7BEB00975983 /* LaunchScreen.storyboard */,
				64EB16CC1BBF7BEB00975983 /* Info.plist */,
				64EB16BB1BBF7BEB00975983 /* Supporting Files */,
			);
			path = "Veronica's Helper";
			sourceTree = "<group>";
		};
		64EB16BB1BBF7BEB00975983 /* Supporting Files */ = {
			isa = PBXGroup;
			children = (
				64EB16BC1BBF7BEB00975983 /* main.m */,
			);
			name = "Supporting Files";
			sourceTree = "<group>";
		};
		64EB16D41BBF7BEC00975983 /* Veronica's HelperTests */ = {
			isa = PBXGroup;
			children = (
				64EB16D51BBF7BEC00975983 /* Veronica_s_HelperTests.m */,
				64EB16D71BBF7BEC00975983 /* Info.plist */,
			);
			path = "Veronica's HelperTests";
			sourceTree = "<group>";
		};
		64EB16DF1BBF7BEC00975983 /* Veronica's HelperUITests */ = {
			isa = PBXGroup;
			children = (
				64EB16E01BBF7BEC00975983 /* Veronica_s_HelperUITests.m */,
				64EB16E21BBF7BEC00975983 /* Info.plist */,
			);
			path = "Veronica's HelperUITests";
			sourceTree = "<group>";
		};
/* End PBXGroup section */

/* Begin PBXNativeTarget section */
		64EB16B71BBF7BEB00975983 /* Veronica's Helper */ = {
			isa = PBXNativeTarget;
			buildConfigurationList = 64EB16E51BBF7BEC00975983 /* Build configuration list for PBXNativeTarget "Veronica's Helper" */;
			buildPhases = (
				64EB16B41BBF7BEB00975983 /* Sources */,
				64EB16B51BBF7BEB00975983 /* Frameworks */,
				64EB16B61BBF7BEB00975983 /* Resources */,
			);
			buildRules = (
			);
			dependencies = (
			);
			name = "Veronica's Helper";
			productName = "Veronica's Helper";
			productReference = 64EB16B81BBF7BEB00975983 /* Veronica's Helper.app */;
			productType = "com.apple.product-type.application";
		};
		64EB16D01BBF7BEC00975983 /* Veronica's HelperTests */ = {
			isa = PBXNativeTarget;
			buildConfigurationList = 64EB16E81BBF7BEC00975983 /* Build configuration list for PBXNativeTarget "Veronica's HelperTests" */;
			buildPhases = (
				64EB16CD1BBF7BEC00975983 /* Sources */,
				64EB16CE1BBF7BEC00975983 /* Frameworks */,
				64EB16CF1BBF7BEC00975983 /* Resources */,
			);
			buildRules = (
			);
			dependencies = (
				64EB16D31BBF7BEC00975983 /* PBXTargetDependency */,
			);
			name = "Veronica's HelperTests";
			productName = "Veronica's HelperTests";
			productReference = 64EB16D11BBF7BEC00975983 /* Veronica's HelperTests.xctest */;
			productType = "com.apple.product-type.bundle.unit-test";
		};
		64EB16DB1BBF7BEC00975983 /* Veronica's HelperUITests */ = {
			isa = PBXNativeTarget;
			buildConfigurationList = 64EB16EB1BBF7BEC00975983 /* Build configuration list for PBXNativeTarget "Veronica's HelperUITests" */;
			buildPhases = (
				64EB16D81BBF7BEC00975983 /* Sources */,
				64EB16D91BBF7BEC00975983 /* Frameworks */,
				64EB16DA1BBF7BEC00975983 /* Resources */,
			);
			buildRules = (
			);
			dependencies = (
				64EB16DE1BBF7BEC00975983 /* PBXTargetDependency */,
			);
			name = "Veronica's HelperUITests";
			productName = "Veronica's HelperUITests";
			productReference = 64EB16DC1BBF7BEC00975983 /* Veronica's HelperUITests.xctest */;
			productType = "com.apple.product-type.bundle.ui-testing";
		};
/* End PBXNativeTarget section */

/* Begin PBXProject section */
		64EB16B01BBF7BEB00975983 /* Project object */ = {
			isa = PBXProject;
			attributes = {
				LastUpgradeCheck = 0700;
				ORGANIZATIONNAME = "Patricia \"Happy\" Hale";
				TargetAttributes = {
					64EB16B71BBF7BEB00975983 = {
						CreatedOnToolsVersion = 7.0.1;
					};
					64EB16D01BBF7BEC00975983 = {
						CreatedOnToolsVersion = 7.0.1;
						TestTargetID = 64EB16B71BBF7BEB00975983;
					};
					64EB16DB1BBF7BEC00975983 = {
						CreatedOnToolsVersion = 7.0.1;
						TestTargetID = 64EB16B71BBF7BEB00975983;
					};
				};
			};
			buildConfigurationList = 64EB16B31BBF7BEB00975983 /* Build configuration list for PBXProject "Veronica's Helper" */;
			compatibilityVersion = "Xcode 3.2";
			developmentRegion = English;
			hasScannedForEncodings = 0;
			knownRegions = (
				en,
				Base,
			);
			mainGroup = 64EB16AF1BBF7BEB00975983;
			productRefGroup = 64EB16B91BBF7BEB00975983 /* Products */;
			projectDirPath = "";
			projectRoot = "";
			targets = (
				64EB16B71BBF7BEB00975983 /* Veronica's Helper */,
				64EB16D01BBF7BEC00975983 /* Veronica's HelperTests */,
				64EB16DB1BBF7BEC00975983 /* Veronica's HelperUITests */,
			);
		};
/* End PBXProject section */

/* Begin PBXResourcesBuildPhase section */
		64EB16B61BBF7BEB00975983 /* Resources */ = {
			isa = PBXResourcesBuildPhase;
			buildActionMask = 2147483647;
			files = (
				64EB16CB1BBF7BEB00975983 /* LaunchScreen.storyboard in Resources */,
				64EB16C81BBF7BEB00975983 /* Assets.xcassets in Resources */,
				64EB16C61BBF7BEB00975983 /* Main.storyboard in Resources */,
			);
			runOnlyForDeploymentPostprocessing = 0;
		};
		64EB16CF1BBF7BEC00975983 /* Resources */ = {
			isa = PBXResourcesBuildPhase;
			buildActionMask = 2147483647;
			files = (
			);
			runOnlyForDeploymentPostprocessing = 0;
		};
		64EB16DA1BBF7BEC00975983 /* Resources */ = {
			isa = PBXResourcesBuildPhase;
			buildActionMask = 2147483647;
			files = (
			);
			runOnlyForDeploymentPostprocessing = 0;
		};
/* End PBXResourcesBuildPhase section */

/* Begin PBXSourcesBuildPhase section */
		64EB16B41BBF7BEB00975983 /* Sources */ = {
			isa = PBXSourcesBuildPhase;
			buildActionMask = 2147483647;
			files = (
				64EB16C31BBF7BEB00975983 /* ViewController.m in Sources */,
				64EB16C01BBF7BEB00975983 /* AppDelegate.m in Sources */,
				64EB16BD1BBF7BEB00975983 /* main.m in Sources */,
			);
			runOnlyForDeploymentPostprocessing = 0;
		};
		64EB16CD1BBF7BEC00975983 /* Sources */ = {
			isa = PBXSourcesBuildPhase;
			buildActionMask = 2147483647;
			files = (
				64EB16D61BBF7BEC00975983 /* Veronica_s_HelperTests.m in Sources */,
			);
			runOnlyForDeploymentPostprocessing = 0;
		};
		64EB16D81BBF7BEC00975983 /* Sources */ = {
			isa = PBXSourcesBuildPhase;
			buildActionMask = 2147483647;
			files = (
				64EB16E11BBF7BEC00975983 /* Veronica_s_HelperUITests.m in Sources */,
			);
			runOnlyForDeploymentPostprocessing = 0;
		};
/* End PBXSourcesBuildPhase section */

/* Begin PBXTargetDependency section */
		64EB16D31BBF7BEC00975983 /* PBXTargetDependency */ = {
			isa = PBXTargetDependency;
			target = 64EB16B71BBF7BEB00975983 /* Veronica's Helper */;
			targetProxy = 64EB16D21BBF7BEC00975983 /* PBXContainerItemProxy */;
		};
		64EB16DE1BBF7BEC00975983 /* PBXTargetDependency */ = {
			isa = PBXTargetDependency;
			target = 64EB16B71BBF7BEB00975983 /* Veronica's Helper */;
			targetProxy = 64EB16DD1BBF7BEC00975983 /* PBXContainerItemProxy */;
		};
/* End PBXTargetDependency section */

/* Begin PBXVariantGroup section */
		64EB16C41BBF7BEB00975983 /* Main.storyboard */ = {
			isa = PBXVariantGroup;
			children = (
				64EB16C51BBF7BEB00975983 /* Base */,
			);
			name = Main.storyboard;
			sourceTree = "<group>";
		};
		64EB16C91BBF7BEB00975983 /* LaunchScreen.storyboard */ = {
			isa = PBXVariantGroup;
			children = (
				64EB16CA1BBF7BEB00975983 /* Base */,
			);
			name = LaunchScreen.storyboard;
			sourceTree = "<group>";
		};
/* End PBXVariantGroup section */

/* Begin XCBuildConfiguration section */
		64EB16E31BBF7BEC00975983 /* Debug */ = {
			isa = XCBuildConfiguration;
			buildSettings = {
				ALWAYS_SEARCH_USER_PATHS = NO;
				CLANG_CXX_LANGUAGE_STANDARD = "gnu++0x";
				CLANG_CXX_LIBRARY = "libc++";
				CLANG_ENABLE_MODULES = YES;
				CLANG_ENABLE_OBJC_ARC = YES;
				CLANG_WARN_BOOL_CONVERSION = YES;
				CLANG_WARN_CONSTANT_CONVERSION = YES;
				CLANG_WARN_DIRECT_OBJC_ISA_USAGE = YES_ERROR;
				CLANG_WARN_EMPTY_BODY = YES;
				CLANG_WARN_ENUM_CONVERSION = YES;
				CLANG_WARN_INT_CONVERSION = YES;
				CLANG_WARN_OBJC_ROOT_CLASS = YES_ERROR;
				CLANG_WARN_UNREACHABLE_CODE = YES;
				CLANG_WARN__DUPLICATE_METHOD_MATCH = YES;
				"CODE_SIGN_IDENTITY[sdk=iphoneos*]" = "iPhone Developer";
				COPY_PHASE_STRIP = NO;
				DEBUG_INFORMATION_FORMAT = dwarf;
				ENABLE_STRICT_OBJC_MSGSEND = YES;
				ENABLE_TESTABILITY = YES;
				GCC_C_LANGUAGE_STANDARD = gnu99;
				GCC_DYNAMIC_NO_PIC = NO;
				GCC_NO_COMMON_BLOCKS = YES;
				GCC_OPTIMIZATION_LEVEL = 0;
				GCC_PREPROCESSOR_DEFINITIONS = (
					"DEBUG=1",
					"$(inherited)",
				);
				GCC_WARN_64_TO_32_BIT_CONVERSION = YES;
				GCC_WARN_ABOUT_RETURN_TYPE = YES_ERROR;
				GCC_WARN_UNDECLARED_SELECTOR = YES;
				GCC_WARN_UNINITIALIZED_AUTOS = YES_AGGRESSIVE;
				GCC_WARN_UNUSED_FUNCTION = YES;
				GCC_WARN_UNUSED_VARIABLE = YES;
				IPHONEOS_DEPLOYMENT_TARGET = 9.0;
				MTL_ENABLE_DEBUG_INFO = YES;
				ONLY_ACTIVE_ARCH = YES;
				SDKROOT = iphoneos;
			};
			name = Debug;
		};
		64EB16E41BBF7BEC00975983 /* Release */ = {
			isa = XCBuildConfiguration;
			buildSettings = {
				ALWAYS_SEARCH_USER_PATHS = NO;
				CLANG_CXX_LANGUAGE_STANDARD = "gnu++0x";
				CLANG_CXX_LIBRARY = "libc++";
				CLANG_ENABLE_MODULES = YES;
				CLANG_ENABLE_OBJC_ARC = YES;
				CLANG_WARN_BOOL_CONVERSION = YES;
				CLANG_WARN_CONSTANT_CONVERSION = YES;
				CLANG_WARN_DIRECT_OBJC_ISA_USAGE = YES_ERROR;
				CLANG_WARN_EMPTY_BODY = YES;
				CLANG_WARN_ENUM_CONVERSION = YES;
				CLANG_WARN_INT_CONVERSION = YES;
				CLANG_WARN_OBJC_ROOT_CLASS = YES_ERROR;
				CLANG_WARN_UNREACHABLE_CODE = YES;
				CLANG_WARN__DUPLICATE_METHOD_MATCH = YES;
				"CODE_SIGN_IDENTITY[sdk=iphoneos*]" = "iPhone Developer";
				COPY_PHASE_STRIP = NO;
				DEBUG_INFORMATION_FORMAT = "dwarf-with-dsym";
				ENABLE_NS_ASSERTIONS = NO;
				ENABLE_STRICT_OBJC_MSGSEND = YES;
				GCC_C_LANGUAGE_STANDARD = gnu99;
				GCC_NO_COMMON_BLOCKS = YES;
				GCC_WARN_64_TO_32_BIT_CONVERSION = YES;
				GCC_WARN_ABOUT_RETURN_TYPE = YES_ERROR;
				GCC_WARN_UNDECLARED_SELECTOR = YES;
				GCC_WARN_UNINITIALIZED_AUTOS = YES_AGGRESSIVE;
				GCC_WARN_UNUSED_FUNCTION = YES;
				GCC_WARN_UNUSED_VARIABLE = YES;
				IPHONEOS_DEPLOYMENT_TARGET = 9.0;
				MTL_ENABLE_DEBUG_INFO = NO;
				SDKROOT = iphoneos;
				VALIDATE_PRODUCT = YES;
			};
			name = Release;
		};
		64EB16E61BBF7BEC00975983 /* Debug */ = {
			isa = XCBuildConfiguration;
			buildSettings = {
				ASSETCATALOG_COMPILER_APPICON_NAME = AppIcon;
				INFOPLIST_FILE = "Veronica's Helper/Info.plist";
				LD_RUNPATH_SEARCH_PATHS = "$(inherited) @executable_path/Frameworks";
				PRODUCT_BUNDLE_IDENTIFIER = "Happy.Veronica-s-Helper";
				PRODUCT_NAME = "$(TARGET_NAME)";
			};
			name = Debug;
		};
		64EB16E71BBF7BEC00975983 /* Release */ = {
			isa = XCBuildConfiguration;
			buildSettings = {
				ASSETCATALOG_COMPILER_APPICON_NAME = AppIcon;
				INFOPLIST_FILE = "Veronica's Helper/Info.plist";
				LD_RUNPATH_SEARCH_PATHS = "$(inherited) @executable_path/Frameworks";
				PRODUCT_BUNDLE_IDENTIFIER = "Happy.Veronica-s-Helper";
				PRODUCT_NAME = "$(TARGET_NAME)";
			};
			name = Release;
		};
		64EB16E91BBF7BEC00975983 /* Debug */ = {
			isa = XCBuildConfiguration;
			buildSettings = {
				BUNDLE_LOADER = "$(TEST_HOST)";
				INFOPLIST_FILE = "Veronica's HelperTests/Info.plist";
				LD_RUNPATH_SEARCH_PATHS = "$(inherited) @executable_path/Frameworks @loader_path/Frameworks";
				PRODUCT_BUNDLE_IDENTIFIER = "Happy.Veronica-s-HelperTests";
				PRODUCT_NAME = "$(TARGET_NAME)";
				TEST_HOST = "$(BUILT_PRODUCTS_DIR)/Veronica's Helper.app/Veronica's Helper";
			};
			name = Debug;
		};
		64EB16EA1BBF7BEC00975983 /* Release */ = {
			isa = XCBuildConfiguration;
			buildSettings = {
				BUNDLE_LOADER = "$(TEST_HOST)";
				INFOPLIST_FILE = "Veronica's HelperTests/Info.plist";
				LD_RUNPATH_SEARCH_PATHS = "$(inherited) @executable_path/Frameworks @loader_path/Frameworks";
				PRODUCT_BUNDLE_IDENTIFIER = "Happy.Veronica-s-HelperTests";
				PRODUCT_NAME = "$(TARGET_NAME)";
				TEST_HOST = "$(BUILT_PRODUCTS_DIR)/Veronica's Helper.app/Veronica's Helper";
			};
			name = Release;
		};
		64EB16EC1BBF7BEC00975983 /* Debug */ = {
			isa = XCBuildConfiguration;
			buildSettings = {
				INFOPLIST_FILE = "Veronica's HelperUITests/Info.plist";
				LD_RUNPATH_SEARCH_PATHS = "$(inherited) @executable_path/Frameworks @loader_path/Frameworks";
				PRODUCT_BUNDLE_IDENTIFIER = "Happy.Veronica-s-HelperUITests";
				PRODUCT_NAME = "$(TARGET_NAME)";
				TEST_TARGET_NAME = "Veronica's Helper";
				USES_XCTRUNNER = YES;
			};
			name = Debug;
		};
		64EB16ED1BBF7BEC00975983 /* Release */ = {
			isa = XCBuildConfiguration;
			buildSettings = {
				INFOPLIST_FILE = "Veronica's HelperUITests/Info.plist";
				LD_RUNPATH_SEARCH_PATHS = "$(inherited) @executable_path/Frameworks @loader_path/Frameworks";
				PRODUCT_BUNDLE_IDENTIFIER = "Happy.Veronica-s-HelperUITests";
				PRODUCT_NAME = "$(TARGET_NAME)";
				TEST_TARGET_NAME = "Veronica's Helper";
				USES_XCTRUNNER = YES;
			};
			name = Release;
		};
/* End XCBuildConfiguration section */

/* Begin XCConfigurationList section */
		64EB16B31BBF7BEB00975983 /* Build configuration list for PBXProject "Veronica's Helper" */ = {
			isa = XCConfigurationList;
			buildConfigurations = (
				64EB16E31BBF7BEC00975983 /* Debug */,
				64EB16E41BBF7BEC00975983 /* Release */,
			);
			defaultConfigurationIsVisible = 0;
			defaultConfigurationName = Release;
		};
		64EB16E51BBF7BEC00975983 /* Build configuration list for PBXNativeTarget "Veronica's Helper" */ = {
			isa = XCConfigurationList;
			buildConfigurations = (
				64EB16E61BBF7BEC00975983 /* Debug */,
				64EB16E71BBF7BEC00975983 /* Release */,
			);
			defaultConfigurationIsVisible = 0;
		};
		64EB16E81BBF7BEC00975983 /* Build configuration list for PBXNativeTarget "Veronica's HelperTests" */ = {
			isa = XCConfigurationList;
			buildConfigurations = (
				64EB16E91BBF7BEC00975983 /* Debug */,
				64EB16EA1BBF7BEC00975983 /* Release */,
			);
			defaultConfigurationIsVisible = 0;
		};
		64EB16EB1BBF7BEC00975983 /* Build configuration list for PBXNativeTarget "Veronica's HelperUITests" */ = {
			isa = XCConfigurationList;
			buildConfigurations = (
				64EB16EC1BBF7BEC00975983 /* Debug */,
				64EB16ED1BBF7BEC00975983 /* Release */,
			);
			defaultConfigurationIsVisible = 0;
		};
/* End XCConfigurationList section */
	};
	rootObject = 64EB16B01BBF7BEB00975983 /* Project object */;
}
